
Microsoft Visual Studio Solution File, Format Version 12.00
# Visual Studio Version 17
VisualStudioVersion = 17.5.33414.496
MinimumVisualStudioVersion = 10.0.40219.1
Project("{FAE04EC0-301F-11D3-BF4B-00C04F79EFBC}") = "ProvaConsoleApp1", "ProvaConsoleApp1\ProvaConsoleApp1.csproj", "{5046D63A-882A-448F-A5A2-CE138BECCCFC}"
EndProject
Global
	GlobalSection(SolutionConfigurationPlatforms) = preSolution
		Debug|Any CPU = Debug|Any CPU
		Release|Any CPU = Release|Any CPU
	EndGlobalSection
	GlobalSection(ProjectConfigurationPlatforms) = postSolution
		{5046D63A-882A-448F-A5A2-CE138BECCCFC}.Debug|Any CPU.ActiveCfg = Debug|Any CPU
		{5046D63A-882A-448F-A5A2-CE138BECCCFC}.Debug|Any CPU.Build.0 = Debug|Any CPU
		{5046D63A-882A-448F-A5A2-CE138BECCCFC}.Release|Any CPU.ActiveCfg = Release|Any CPU
		{5046D63A-882A-448F-A5A2-CE138BECCCFC}.Release|Any CPU.Build.0 = Release|Any CPU
	EndGlobalSection
	GlobalSection(SolutionProperties) = preSolution
		HideSolutionNode = FALSE
	EndGlobalSection
	GlobalSection(ExtensibilityGlobals) = postSolution
		SolutionGuid = {1D55C9F8-2DF6-467C-A518-B0F153E86BA8}
	EndGlobalSection
EndGlobal
